
Microsoft Visual Studio Solution File, Format Version 12.00
# Visual Studio Version 16
VisualStudioVersion = 16.0.30011.22
MinimumVisualStudioVersion = 10.0.40219.1
Project("{FAE04EC0-301F-11D3-BF4B-00C04F79EFBC}") = "College", "College\College.csproj", "{6597872C-D664-4B8F-8864-0C8FE51CC105}"
EndProject
Global
	GlobalSection(SolutionConfigurationPlatforms) = preSolution
		Debug|Any CPU = Debug|Any CPU
		Release|Any CPU = Release|Any CPU
	EndGlobalSection
	GlobalSection(ProjectConfigurationPlatforms) = postSolution
		{6597872C-D664-4B8F-8864-0C8FE51CC105}.Debug|Any CPU.ActiveCfg = Debug|Any CPU
		{6597872C-D664-4B8F-8864-0C8FE51CC105}.Debug|Any CPU.Build.0 = Debug|Any CPU
		{6597872C-D664-4B8F-8864-0C8FE51CC105}.Release|Any CPU.ActiveCfg = Release|Any CPU
		{6597872C-D664-4B8F-8864-0C8FE51CC105}.Release|Any CPU.Build.0 = Release|Any CPU
	EndGlobalSection
	GlobalSection(SolutionProperties) = preSolution
		HideSolutionNode = FALSE
	EndGlobalSection
	GlobalSection(ExtensibilityGlobals) = postSolution
		SolutionGuid = {5FAA8D71-1B1D-4E31-96E6-F11DEDB144D1}
	EndGlobalSection
EndGlobal
